
Microsoft Visual Studio Solution File, Format Version 12.00
# Visual Studio Version 17
VisualStudioVersion = 17.7.34009.444
MinimumVisualStudioVersion = 10.0.40219.1
Project("{FAE04EC0-301F-11D3-BF4B-00C04F79EFBC}") = "CodeFirst", "CodeFirst\CodeFirst.csproj", "{CF46047D-43BE-4DD3-AF97-40F438A3873E}"
EndProject
Global
	GlobalSection(SolutionConfigurationPlatforms) = preSolution
		Debug|Any CPU = Debug|Any CPU
		Release|Any CPU = Release|Any CPU
	EndGlobalSection
	GlobalSection(ProjectConfigurationPlatforms) = postSolution
		{CF46047D-43BE-4DD3-AF97-40F438A3873E}.Debug|Any CPU.ActiveCfg = Debug|Any CPU
		{CF46047D-43BE-4DD3-AF97-40F438A3873E}.Debug|Any CPU.Build.0 = Debug|Any CPU
		{CF46047D-43BE-4DD3-AF97-40F438A3873E}.Release|Any CPU.ActiveCfg = Release|Any CPU
		{CF46047D-43BE-4DD3-AF97-40F438A3873E}.Release|Any CPU.Build.0 = Release|Any CPU
	EndGlobalSection
	GlobalSection(SolutionProperties) = preSolution
		HideSolutionNode = FALSE
	EndGlobalSection
	GlobalSection(ExtensibilityGlobals) = postSolution
		SolutionGuid = {3526B4DA-2C45-4004-8F66-576DD2ABD9E6}
	EndGlobalSection
EndGlobal
